
Microsoft Visual Studio Solution File, Format Version 12.00
Project("{FAE04EC0-301F-11D3-BF4B-00C04F79EFBC}") = "GymApplication", "GymApplication\GymApplication.csproj", "{23CA9B0F-952A-4F34-A1E4-F37F7D6274A0}"
EndProject
Project("{2150E333-8FDC-42A3-9474-1A3956D46DE8}") = "Solution Items", "Solution Items", "{11E22378-45A3-482D-BC3E-46D2A6BF4C6F}"
	ProjectSection(SolutionItems) = preProject
		docker-compose.yml = docker-compose.yml
	EndProjectSection
EndProject
Global
	GlobalSection(SolutionConfigurationPlatforms) = preSolution
		Debug|Any CPU = Debug|Any CPU
		Release|Any CPU = Release|Any CPU
	EndGlobalSection
	GlobalSection(ProjectConfigurationPlatforms) = postSolution
		{23CA9B0F-952A-4F34-A1E4-F37F7D6274A0}.Debug|Any CPU.ActiveCfg = Debug|Any CPU
		{23CA9B0F-952A-4F34-A1E4-F37F7D6274A0}.Debug|Any CPU.Build.0 = Debug|Any CPU
		{23CA9B0F-952A-4F34-A1E4-F37F7D6274A0}.Release|Any CPU.ActiveCfg = Release|Any CPU
		{23CA9B0F-952A-4F34-A1E4-F37F7D6274A0}.Release|Any CPU.Build.0 = Release|Any CPU
	EndGlobalSection
EndGlobal
